asgiref==3.12.1
cffi==2.1.1
cryptography==50.0.1
Django==5.2.17
et_xmlfile==2.0.0
gunicorn==26.2.0
openpyxl==3.1.5
packaging==26.3
pillow==12.3.0
psycopg==3.3.5
psycopg-binary==3.3.5
pycparser==3.0
PyOTP==2.10.0
pypdfium2==5.13.0
pytesseract==0.3.13
sqlparse==0.6.0
typing_extensions==4.16.0
whitenoise==6.12.0
easyocr